<?xml version="1.0" encoding="UTF-8"?>
<CodeBlocks_project_file>
	<FileVersion major="1" minor="6"/>
	<Project>
		<Option title="dbt5"/>
		<Option makefile_is_custom="1"/>
		<Option compiler="gcc"/>
		<Option virtualFolders="CMake Files\;"/>
		<Build>
			<Target title="all">
				<Option working_dir="/home/zxz/CLionProjects/tpce_mysql"/>
				<Option type="4"/>
				<MakeCommands>
					<Build command="/usr/bin/make -j8 -f &quot;/home/zxz/CLionProjects/tpce_mysql/Makefile&quot;  VERBOSE=1 all"/>
					<CompileFile command="/usr/bin/make -j8 -f &quot;/home/zxz/CLionProjects/tpce_mysql/Makefile&quot;  VERBOSE=1 &quot;$file&quot;"/>
					<Clean command="/usr/bin/make -j8 -f &quot;/home/zxz/CLionProjects/tpce_mysql/Makefile&quot;  VERBOSE=1 clean"/>
					<DistClean command="/usr/bin/make -j8 -f &quot;/home/zxz/CLionProjects/tpce_mysql/Makefile&quot;  VERBOSE=1 clean"/>
				</MakeCommands>
			</Target>
			<Target title="install/strip">
				<Option working_dir="/home/zxz/CLionProjects/tpce_mysql"/>
				<Option type="4"/>
				<MakeCommands>
					<Build command="/usr/bin/make -j8 -f &quot;/home/zxz/CLionProjects/tpce_mysql/Makefile&quot;  VERBOSE=1 install/strip"/>
					<CompileFile command="/usr/bin/make -j8 -f &quot;/home/zxz/CLionProjects/tpce_mysql/Makefile&quot;  VERBOSE=1 &quot;$file&quot;"/>
					<Clean command="/usr/bin/make -j8 -f &quot;/home/zxz/CLionProjects/tpce_mysql/Makefile&quot;  VERBOSE=1 clean"/>
					<DistClean command="/usr/bin/make -j8 -f &quot;/home/zxz/CLionProjects/tpce_mysql/Makefile&quot;  VERBOSE=1 clean"/>
				</MakeCommands>
			</Target>
			<Target title="install/local">
				<Option working_dir="/home/zxz/CLionProjects/tpce_mysql"/>
				<Option type="4"/>
				<MakeCommands>
					<Build command="/usr/bin/make -j8 -f &quot;/home/zxz/CLionProjects/tpce_mysql/Makefile&quot;  VERBOSE=1 install/local"/>
					<CompileFile command="/usr/bin/make -j8 -f &quot;/home/zxz/CLionProjects/tpce_mysql/Makefile&quot;  VERBOSE=1 &quot;$file&quot;"/>
					<Clean command="/usr/bin/make -j8 -f &quot;/home/zxz/CLionProjects/tpce_mysql/Makefile&quot;  VERBOSE=1 clean"/>
					<DistClean command="/usr/bin/make -j8 -f &quot;/home/zxz/CLionProjects/tpce_mysql/Makefile&quot;  VERBOSE=1 clean"/>
				</MakeCommands>
			</Target>
			<Target title="rebuild_cache">
				<Option working_dir="/home/zxz/CLionProjects/tpce_mysql"/>
				<Option type="4"/>
				<MakeCommands>
					<Build command="/usr/bin/make -j8 -f &quot;/home/zxz/CLionProjects/tpce_mysql/Makefile&quot;  VERBOSE=1 rebuild_cache"/>
					<CompileFile command="/usr/bin/make -j8 -f &quot;/home/zxz/CLionProjects/tpce_mysql/Makefile&quot;  VERBOSE=1 &quot;$file&quot;"/>
					<Clean command="/usr/bin/make -j8 -f &quot;/home/zxz/CLionProjects/tpce_mysql/Makefile&quot;  VERBOSE=1 clean"/>
					<DistClean command="/usr/bin/make -j8 -f &quot;/home/zxz/CLionProjects/tpce_mysql/Makefile&quot;  VERBOSE=1 clean"/>
				</MakeCommands>
			</Target>
			<Target title="DBT5_BROKERAGE_HOUSE">
				<Option output="/home/zxz/CLionProjects/tpce_mysql/DBT5_BROKERAGE_HOUSE" prefix_auto="0" extension_auto="0"/>
				<Option working_dir="/home/zxz/CLionProjects/tpce_mysql"/>
				<Option object_output="./"/>
				<Option type="1"/>
				<Option compiler="gcc"/>
				<Compiler>
					<Add directory="/usr/include/c++/7"/>
					<Add directory="/usr/include/x86_64-linux-gnu/c++/7"/>
					<Add directory="/usr/include/c++/7/backward"/>
					<Add directory="/usr/lib/gcc/x86_64-linux-gnu/7/include"/>
					<Add directory="/usr/local/include"/>
					<Add directory="/usr/lib/gcc/x86_64-linux-gnu/7/include-fixed"/>
					<Add directory="/usr/include/x86_64-linux-gnu"/>
					<Add directory="/usr/include"/>
				</Compiler>
				<MakeCommands>
					<Build command="/usr/bin/make -j8 -f &quot;/home/zxz/CLionProjects/tpce_mysql/Makefile&quot;  VERBOSE=1 DBT5_BROKERAGE_HOUSE"/>
					<CompileFile command="/usr/bin/make -j8 -f &quot;/home/zxz/CLionProjects/tpce_mysql/Makefile&quot;  VERBOSE=1 &quot;$file&quot;"/>
					<Clean command="/usr/bin/make -j8 -f &quot;/home/zxz/CLionProjects/tpce_mysql/Makefile&quot;  VERBOSE=1 clean"/>
					<DistClean command="/usr/bin/make -j8 -f &quot;/home/zxz/CLionProjects/tpce_mysql/Makefile&quot;  VERBOSE=1 clean"/>
				</MakeCommands>
			</Target>
			<Target title="DBT5_BROKERAGE_HOUSE/fast">
				<Option output="/home/zxz/CLionProjects/tpce_mysql/DBT5_BROKERAGE_HOUSE" prefix_auto="0" extension_auto="0"/>
				<Option working_dir="/home/zxz/CLionProjects/tpce_mysql"/>
				<Option object_output="./"/>
				<Option type="1"/>
				<Option compiler="gcc"/>
				<Compiler>
					<Add directory="/usr/include/c++/7"/>
					<Add directory="/usr/include/x86_64-linux-gnu/c++/7"/>
					<Add directory="/usr/include/c++/7/backward"/>
					<Add directory="/usr/lib/gcc/x86_64-linux-gnu/7/include"/>
					<Add directory="/usr/local/include"/>
					<Add directory="/usr/lib/gcc/x86_64-linux-gnu/7/include-fixed"/>
					<Add directory="/usr/include/x86_64-linux-gnu"/>
					<Add directory="/usr/include"/>
				</Compiler>
				<MakeCommands>
					<Build command="/usr/bin/make -j8 -f &quot;/home/zxz/CLionProjects/tpce_mysql/Makefile&quot;  VERBOSE=1 DBT5_BROKERAGE_HOUSE/fast"/>
					<CompileFile command="/usr/bin/make -j8 -f &quot;/home/zxz/CLionProjects/tpce_mysql/Makefile&quot;  VERBOSE=1 &quot;$file&quot;"/>
					<Clean command="/usr/bin/make -j8 -f &quot;/home/zxz/CLionProjects/tpce_mysql/Makefile&quot;  VERBOSE=1 clean"/>
					<DistClean command="/usr/bin/make -j8 -f &quot;/home/zxz/CLionProjects/tpce_mysql/Makefile&quot;  VERBOSE=1 clean"/>
				</MakeCommands>
			</Target>
			<Target title="install">
				<Option working_dir="/home/zxz/CLionProjects/tpce_mysql"/>
				<Option type="4"/>
				<MakeCommands>
					<Build command="/usr/bin/make -j8 -f &quot;/home/zxz/CLionProjects/tpce_mysql/Makefile&quot;  VERBOSE=1 install"/>
					<CompileFile command="/usr/bin/make -j8 -f &quot;/home/zxz/CLionProjects/tpce_mysql/Makefile&quot;  VERBOSE=1 &quot;$file&quot;"/>
					<Clean command="/usr/bin/make -j8 -f &quot;/home/zxz/CLionProjects/tpce_mysql/Makefile&quot;  VERBOSE=1 clean"/>
					<DistClean command="/usr/bin/make -j8 -f &quot;/home/zxz/CLionProjects/tpce_mysql/Makefile&quot;  VERBOSE=1 clean"/>
				</MakeCommands>
			</Target>
			<Target title="list_install_components">
				<Option working_dir="/home/zxz/CLionProjects/tpce_mysql"/>
				<Option type="4"/>
				<MakeCommands>
					<Build command="/usr/bin/make -j8 -f &quot;/home/zxz/CLionProjects/tpce_mysql/Makefile&quot;  VERBOSE=1 list_install_components"/>
					<CompileFile command="/usr/bin/make -j8 -f &quot;/home/zxz/CLionProjects/tpce_mysql/Makefile&quot;  VERBOSE=1 &quot;$file&quot;"/>
					<Clean command="/usr/bin/make -j8 -f &quot;/home/zxz/CLionProjects/tpce_mysql/Makefile&quot;  VERBOSE=1 clean"/>
					<DistClean command="/usr/bin/make -j8 -f &quot;/home/zxz/CLionProjects/tpce_mysql/Makefile&quot;  VERBOSE=1 clean"/>
				</MakeCommands>
			</Target>
			<Target title="DBT5_DRIVER">
				<Option output="/home/zxz/CLionProjects/tpce_mysql/DBT5_DRIVER" prefix_auto="0" extension_auto="0"/>
				<Option working_dir="/home/zxz/CLionProjects/tpce_mysql"/>
				<Option object_output="./"/>
				<Option type="1"/>
				<Option compiler="gcc"/>
				<Compiler>
					<Add directory="/usr/include/c++/7"/>
					<Add directory="/usr/include/x86_64-linux-gnu/c++/7"/>
					<Add directory="/usr/include/c++/7/backward"/>
					<Add directory="/usr/lib/gcc/x86_64-linux-gnu/7/include"/>
					<Add directory="/usr/local/include"/>
					<Add directory="/usr/lib/gcc/x86_64-linux-gnu/7/include-fixed"/>
					<Add directory="/usr/include/x86_64-linux-gnu"/>
					<Add directory="/usr/include"/>
				</Compiler>
				<MakeCommands>
					<Build command="/usr/bin/make -j8 -f &quot;/home/zxz/CLionProjects/tpce_mysql/Makefile&quot;  VERBOSE=1 DBT5_DRIVER"/>
					<CompileFile command="/usr/bin/make -j8 -f &quot;/home/zxz/CLionProjects/tpce_mysql/Makefile&quot;  VERBOSE=1 &quot;$file&quot;"/>
					<Clean command="/usr/bin/make -j8 -f &quot;/home/zxz/CLionProjects/tpce_mysql/Makefile&quot;  VERBOSE=1 clean"/>
					<DistClean command="/usr/bin/make -j8 -f &quot;/home/zxz/CLionProjects/tpce_mysql/Makefile&quot;  VERBOSE=1 clean"/>
				</MakeCommands>
			</Target>
			<Target title="DBT5_DRIVER/fast">
				<Option output="/home/zxz/CLionProjects/tpce_mysql/DBT5_DRIVER" prefix_auto="0" extension_auto="0"/>
				<Option working_dir="/home/zxz/CLionProjects/tpce_mysql"/>
				<Option object_output="./"/>
				<Option type="1"/>
				<Option compiler="gcc"/>
				<Compiler>
					<Add directory="/usr/include/c++/7"/>
					<Add directory="/usr/include/x86_64-linux-gnu/c++/7"/>
					<Add directory="/usr/include/c++/7/backward"/>
					<Add directory="/usr/lib/gcc/x86_64-linux-gnu/7/include"/>
					<Add directory="/usr/local/include"/>
					<Add directory="/usr/lib/gcc/x86_64-linux-gnu/7/include-fixed"/>
					<Add directory="/usr/include/x86_64-linux-gnu"/>
					<Add directory="/usr/include"/>
				</Compiler>
				<MakeCommands>
					<Build command="/usr/bin/make -j8 -f &quot;/home/zxz/CLionProjects/tpce_mysql/Makefile&quot;  VERBOSE=1 DBT5_DRIVER/fast"/>
					<CompileFile command="/usr/bin/make -j8 -f &quot;/home/zxz/CLionProjects/tpce_mysql/Makefile&quot;  VERBOSE=1 &quot;$file&quot;"/>
					<Clean command="/usr/bin/make -j8 -f &quot;/home/zxz/CLionProjects/tpce_mysql/Makefile&quot;  VERBOSE=1 clean"/>
					<DistClean command="/usr/bin/make -j8 -f &quot;/home/zxz/CLionProjects/tpce_mysql/Makefile&quot;  VERBOSE=1 clean"/>
				</MakeCommands>
			</Target>
			<Target title="DBT5_MARKET_EXCHANGE">
				<Option output="/home/zxz/CLionProjects/tpce_mysql/DBT5_MARKET_EXCHANGE" prefix_auto="0" extension_auto="0"/>
				<Option working_dir="/home/zxz/CLionProjects/tpce_mysql"/>
				<Option object_output="./"/>
				<Option type="1"/>
				<Option compiler="gcc"/>
				<Compiler>
					<Add directory="/usr/include/c++/7"/>
					<Add directory="/usr/include/x86_64-linux-gnu/c++/7"/>
					<Add directory="/usr/include/c++/7/backward"/>
					<Add directory="/usr/lib/gcc/x86_64-linux-gnu/7/include"/>
					<Add directory="/usr/local/include"/>
					<Add directory="/usr/lib/gcc/x86_64-linux-gnu/7/include-fixed"/>
					<Add directory="/usr/include/x86_64-linux-gnu"/>
					<Add directory="/usr/include"/>
				</Compiler>
				<MakeCommands>
					<Build command="/usr/bin/make -j8 -f &quot;/home/zxz/CLionProjects/tpce_mysql/Makefile&quot;  VERBOSE=1 DBT5_MARKET_EXCHANGE"/>
					<CompileFile command="/usr/bin/make -j8 -f &quot;/home/zxz/CLionProjects/tpce_mysql/Makefile&quot;  VERBOSE=1 &quot;$file&quot;"/>
					<Clean command="/usr/bin/make -j8 -f &quot;/home/zxz/CLionProjects/tpce_mysql/Makefile&quot;  VERBOSE=1 clean"/>
					<DistClean command="/usr/bin/make -j8 -f &quot;/home/zxz/CLionProjects/tpce_mysql/Makefile&quot;  VERBOSE=1 clean"/>
				</MakeCommands>
			</Target>
			<Target title="DBT5_MARKET_EXCHANGE/fast">
				<Option output="/home/zxz/CLionProjects/tpce_mysql/DBT5_MARKET_EXCHANGE" prefix_auto="0" extension_auto="0"/>
				<Option working_dir="/home/zxz/CLionProjects/tpce_mysql"/>
				<Option object_output="./"/>
				<Option type="1"/>
				<Option compiler="gcc"/>
				<Compiler>
					<Add directory="/usr/include/c++/7"/>
					<Add directory="/usr/include/x86_64-linux-gnu/c++/7"/>
					<Add directory="/usr/include/c++/7/backward"/>
					<Add directory="/usr/lib/gcc/x86_64-linux-gnu/7/include"/>
					<Add directory="/usr/local/include"/>
					<Add directory="/usr/lib/gcc/x86_64-linux-gnu/7/include-fixed"/>
					<Add directory="/usr/include/x86_64-linux-gnu"/>
					<Add directory="/usr/include"/>
				</Compiler>
				<MakeCommands>
					<Build command="/usr/bin/make -j8 -f &quot;/home/zxz/CLionProjects/tpce_mysql/Makefile&quot;  VERBOSE=1 DBT5_MARKET_EXCHANGE/fast"/>
					<CompileFile command="/usr/bin/make -j8 -f &quot;/home/zxz/CLionProjects/tpce_mysql/Makefile&quot;  VERBOSE=1 &quot;$file&quot;"/>
					<Clean command="/usr/bin/make -j8 -f &quot;/home/zxz/CLionProjects/tpce_mysql/Makefile&quot;  VERBOSE=1 clean"/>
					<DistClean command="/usr/bin/make -j8 -f &quot;/home/zxz/CLionProjects/tpce_mysql/Makefile&quot;  VERBOSE=1 clean"/>
				</MakeCommands>
			</Target>
			<Target title="edit_cache">
				<Option working_dir="/home/zxz/CLionProjects/tpce_mysql"/>
				<Option type="4"/>
				<MakeCommands>
					<Build command="/usr/bin/make -j8 -f &quot;/home/zxz/CLionProjects/tpce_mysql/Makefile&quot;  VERBOSE=1 edit_cache"/>
					<CompileFile command="/usr/bin/make -j8 -f &quot;/home/zxz/CLionProjects/tpce_mysql/Makefile&quot;  VERBOSE=1 &quot;$file&quot;"/>
					<Clean command="/usr/bin/make -j8 -f &quot;/home/zxz/CLionProjects/tpce_mysql/Makefile&quot;  VERBOSE=1 clean"/>
					<DistClean command="/usr/bin/make -j8 -f &quot;/home/zxz/CLionProjects/tpce_mysql/Makefile&quot;  VERBOSE=1 clean"/>
				</MakeCommands>
			</Target>
		</Build>
		<Unit filename="/home/zxz/CLionProjects/tpce_mysql/assi/src/AddressTable.cpp">
			<Option target="DBT5_DRIVER"/>
		</Unit>
		<Unit filename="/home/zxz/CLionProjects/tpce_mysql/assi/src/BaseLogger.cpp">
			<Option target="DBT5_DRIVER"/>
			<Option target="DBT5_MARKET_EXCHANGE"/>
		</Unit>
		<Unit filename="/home/zxz/CLionProjects/tpce_mysql/assi/src/CE.cpp">
			<Option target="DBT5_DRIVER"/>
		</Unit>
		<Unit filename="/home/zxz/CLionProjects/tpce_mysql/assi/src/CETxnInputGenerator.cpp">
			<Option target="DBT5_DRIVER"/>
		</Unit>
		<Unit filename="/home/zxz/CLionProjects/tpce_mysql/assi/src/CETxnMixGenerator.cpp">
			<Option target="DBT5_DRIVER"/>
		</Unit>
		<Unit filename="/home/zxz/CLionProjects/tpce_mysql/assi/src/CustomerSelection.cpp">
			<Option target="DBT5_DRIVER"/>
		</Unit>
		<Unit filename="/home/zxz/CLionProjects/tpce_mysql/assi/src/CustomerTable.cpp">
			<Option target="DBT5_DRIVER"/>
		</Unit>
		<Unit filename="/home/zxz/CLionProjects/tpce_mysql/assi/src/DM.cpp">
			<Option target="DBT5_DRIVER"/>
		</Unit>
		<Unit filename="/home/zxz/CLionProjects/tpce_mysql/assi/src/DateTime.cpp">
			<Option target="DBT5_BROKERAGE_HOUSE"/>
			<Option target="DBT5_DRIVER"/>
			<Option target="DBT5_MARKET_EXCHANGE"/>
		</Unit>
		<Unit filename="/home/zxz/CLionProjects/tpce_mysql/assi/src/EGenLogFormatterTab.cpp">
			<Option target="DBT5_DRIVER"/>
			<Option target="DBT5_MARKET_EXCHANGE"/>
		</Unit>
		<Unit filename="/home/zxz/CLionProjects/tpce_mysql/assi/src/EGenVersion.cpp">
			<Option target="DBT5_DRIVER"/>
			<Option target="DBT5_MARKET_EXCHANGE"/>
		</Unit>
		<Unit filename="/home/zxz/CLionProjects/tpce_mysql/assi/src/InputFlatFilesStructure.cpp">
			<Option target="DBT5_DRIVER"/>
			<Option target="DBT5_MARKET_EXCHANGE"/>
		</Unit>
		<Unit filename="/home/zxz/CLionProjects/tpce_mysql/assi/src/MEE.cpp">
			<Option target="DBT5_DRIVER"/>
			<Option target="DBT5_MARKET_EXCHANGE"/>
		</Unit>
		<Unit filename="/home/zxz/CLionProjects/tpce_mysql/assi/src/MEEPriceBoard.cpp">
			<Option target="DBT5_DRIVER"/>
			<Option target="DBT5_MARKET_EXCHANGE"/>
		</Unit>
		<Unit filename="/home/zxz/CLionProjects/tpce_mysql/assi/src/MEESecurity.cpp">
			<Option target="DBT5_DRIVER"/>
			<Option target="DBT5_MARKET_EXCHANGE"/>
		</Unit>
		<Unit filename="/home/zxz/CLionProjects/tpce_mysql/assi/src/MEETickerTape.cpp">
			<Option target="DBT5_DRIVER"/>
			<Option target="DBT5_MARKET_EXCHANGE"/>
		</Unit>
		<Unit filename="/home/zxz/CLionProjects/tpce_mysql/assi/src/MEETradingFloor.cpp">
			<Option target="DBT5_DRIVER"/>
			<Option target="DBT5_MARKET_EXCHANGE"/>
		</Unit>
		<Unit filename="/home/zxz/CLionProjects/tpce_mysql/assi/src/Person.cpp">
			<Option target="DBT5_DRIVER"/>
		</Unit>
		<Unit filename="/home/zxz/CLionProjects/tpce_mysql/assi/src/Random.cpp">
			<Option target="DBT5_DRIVER"/>
			<Option target="DBT5_MARKET_EXCHANGE"/>
		</Unit>
		<Unit filename="/home/zxz/CLionProjects/tpce_mysql/assi/src/ReadRowFunctions.cpp">
			<Option target="DBT5_DRIVER"/>
			<Option target="DBT5_MARKET_EXCHANGE"/>
		</Unit>
		<Unit filename="/home/zxz/CLionProjects/tpce_mysql/assi/src/WheelTime.cpp">
			<Option target="DBT5_DRIVER"/>
			<Option target="DBT5_MARKET_EXCHANGE"/>
		</Unit>
		<Unit filename="/home/zxz/CLionProjects/tpce_mysql/assi/src/error.cpp">
			<Option target="DBT5_DRIVER"/>
			<Option target="DBT5_MARKET_EXCHANGE"/>
		</Unit>
		<Unit filename="/home/zxz/CLionProjects/tpce_mysql/assi/src/locking.cpp">
			<Option target="DBT5_BROKERAGE_HOUSE"/>
			<Option target="DBT5_DRIVER"/>
			<Option target="DBT5_MARKET_EXCHANGE"/>
		</Unit>
		<Unit filename="/home/zxz/CLionProjects/tpce_mysql/src/BrokerageHouse/BrokerageHouse.cpp">
			<Option target="DBT5_BROKERAGE_HOUSE"/>
		</Unit>
		<Unit filename="/home/zxz/CLionProjects/tpce_mysql/src/BrokerageHouse/BrokerageHouseMain.cpp">
			<Option target="DBT5_BROKERAGE_HOUSE"/>
		</Unit>
		<Unit filename="/home/zxz/CLionProjects/tpce_mysql/src/Customer/Customer.cpp">
			<Option target="DBT5_DRIVER"/>
		</Unit>
		<Unit filename="/home/zxz/CLionProjects/tpce_mysql/src/Driver/Driver.cpp">
			<Option target="DBT5_DRIVER"/>
		</Unit>
		<Unit filename="/home/zxz/CLionProjects/tpce_mysql/src/Driver/DriverMain.cpp">
			<Option target="DBT5_DRIVER"/>
		</Unit>
		<Unit filename="/home/zxz/CLionProjects/tpce_mysql/src/MarketExchange/MarketExchange.cpp">
			<Option target="DBT5_MARKET_EXCHANGE"/>
		</Unit>
		<Unit filename="/home/zxz/CLionProjects/tpce_mysql/src/MarketExchange/MarketExchangeMain.cpp">
			<Option target="DBT5_MARKET_EXCHANGE"/>
		</Unit>
		<Unit filename="/home/zxz/CLionProjects/tpce_mysql/src/interfaces/BaseInterface.cpp">
			<Option target="DBT5_DRIVER"/>
			<Option target="DBT5_MARKET_EXCHANGE"/>
		</Unit>
		<Unit filename="/home/zxz/CLionProjects/tpce_mysql/src/interfaces/CESUT.cpp">
			<Option target="DBT5_DRIVER"/>
		</Unit>
		<Unit filename="/home/zxz/CLionProjects/tpce_mysql/src/interfaces/CSocket.cpp">
			<Option target="DBT5_BROKERAGE_HOUSE"/>
			<Option target="DBT5_DRIVER"/>
			<Option target="DBT5_MARKET_EXCHANGE"/>
		</Unit>
		<Unit filename="/home/zxz/CLionProjects/tpce_mysql/src/interfaces/DMSUT.cpp">
			<Option target="DBT5_DRIVER"/>
		</Unit>
		<Unit filename="/home/zxz/CLionProjects/tpce_mysql/src/interfaces/MEESUT.cpp">
			<Option target="DBT5_MARKET_EXCHANGE"/>
		</Unit>
		<Unit filename="/home/zxz/CLionProjects/tpce_mysql/src/interfaces/TxnHarnessSendToMarket.cpp">
			<Option target="DBT5_BROKERAGE_HOUSE"/>
		</Unit>
		<Unit filename="/home/zxz/CLionProjects/tpce_mysql/src/transactions/BrokerVolumeDB.cpp">
			<Option target="DBT5_BROKERAGE_HOUSE"/>
		</Unit>
		<Unit filename="/home/zxz/CLionProjects/tpce_mysql/src/transactions/CustomerPositionDB.cpp">
			<Option target="DBT5_BROKERAGE_HOUSE"/>
		</Unit>
		<Unit filename="/home/zxz/CLionProjects/tpce_mysql/src/transactions/DBConnection.cpp">
			<Option target="DBT5_BROKERAGE_HOUSE"/>
		</Unit>
		<Unit filename="/home/zxz/CLionProjects/tpce_mysql/src/transactions/DataMaintenanceDB.cpp">
			<Option target="DBT5_BROKERAGE_HOUSE"/>
		</Unit>
		<Unit filename="/home/zxz/CLionProjects/tpce_mysql/src/transactions/MarketFeedDB.cpp">
			<Option target="DBT5_BROKERAGE_HOUSE"/>
		</Unit>
		<Unit filename="/home/zxz/CLionProjects/tpce_mysql/src/transactions/MarketWatchDB.cpp">
			<Option target="DBT5_BROKERAGE_HOUSE"/>
		</Unit>
		<Unit filename="/home/zxz/CLionProjects/tpce_mysql/src/transactions/SecurityDetailDB.cpp">
			<Option target="DBT5_BROKERAGE_HOUSE"/>
		</Unit>
		<Unit filename="/home/zxz/CLionProjects/tpce_mysql/src/transactions/TradeCleanupDB.cpp">
			<Option target="DBT5_BROKERAGE_HOUSE"/>
		</Unit>
		<Unit filename="/home/zxz/CLionProjects/tpce_mysql/src/transactions/TradeLookupDB.cpp">
			<Option target="DBT5_BROKERAGE_HOUSE"/>
		</Unit>
		<Unit filename="/home/zxz/CLionProjects/tpce_mysql/src/transactions/TradeOrderDB.cpp">
			<Option target="DBT5_BROKERAGE_HOUSE"/>
		</Unit>
		<Unit filename="/home/zxz/CLionProjects/tpce_mysql/src/transactions/TradeResultDB.cpp">
			<Option target="DBT5_BROKERAGE_HOUSE"/>
		</Unit>
		<Unit filename="/home/zxz/CLionProjects/tpce_mysql/src/transactions/TradeStatusDB.cpp">
			<Option target="DBT5_BROKERAGE_HOUSE"/>
		</Unit>
		<Unit filename="/home/zxz/CLionProjects/tpce_mysql/src/transactions/TradeUpdateDB.cpp">
			<Option target="DBT5_BROKERAGE_HOUSE"/>
		</Unit>
		<Unit filename="/home/zxz/CLionProjects/tpce_mysql/src/transactions/TxnDBBase.cpp">
			<Option target="DBT5_BROKERAGE_HOUSE"/>
		</Unit>
		<Unit filename="/home/zxz/CLionProjects/tpce_mysql/CMakeLists.txt">
			<Option virtualFolder="CMake Files\"/>
		</Unit>
	</Project>
</CodeBlocks_project_file>
